{
  "name": "job-board",
  "lockfileVersion": 3,
  "requires": true,
  "packages": {
    "": {
      "dependencies": {
        "export": "^0.1.337",
        "react-dropzone": "^15.0.0"
      }
    },
    "node_modules/abbrev": {
      "version": "1.1.1",
      "resolved": "https://registry.npmjs.org/abbrev/-/abbrev-1.1.1.tgz",
      "integrity": "sha512-nne9/IiQ/hzIhY6pdDnbBtz7DjPTKrY00P/zvPSm5pOFkl6xuGrGnXn/VtTNNfNtAfZ9/1RtehkszU9qcTii0Q==",
      "license": "ISC"
    },
    "node_modules/attr-accept": {
      "version": "2.2.5",
      "resolved": "https://registry.npmjs.org/attr-accept/-/attr-accept-2.2.5.tgz",
      "integrity": "sha512-0bDNnY/u6pPwHDMoF0FieU354oBi0a8rD9FcsLwzcGWbc8KS8KPIi7y+s13OlVY+gMWc/9xEMUgNE6Qm8ZllYQ==",
      "license": "MIT",
      "engines": {
        "node": ">=4"
      }
    },
    "node_modules/export": {
      "version": "0.1.337",
      "resolved": "https://registry.npmjs.org/export/-/export-0.1.337.tgz",
      "integrity": "sha512-KWbYrqjAfCPTbtQwl3FgtnSYEanhDD/gUuEWmR2T1x94cR0daM90jnQXhOjqFLphwMWZH12LeGl5JF3SI6mRug==",
      "license": "LAGPL",
      "dependencies": {
        "nopt": "2.1.x",
        "underscore": "1.4.x"
      },
      "bin": {
        "exportjs": "bin/exportjs"
      }
    },
    "node_modules/file-selector": {
      "version": "2.1.2",
      "resolved": "https://registry.npmjs.org/file-selector/-/file-selector-2.1.2.tgz",
      "integrity": "sha512-QgXo+mXTe8ljeqUFaX3QVHc5osSItJ/Km+xpocx0aSqWGMSCf6qYs/VnzZgS864Pjn5iceMRFigeAV7AfTlaig==",
      "license": "MIT",
      "dependencies": {
        "tslib": "^2.7.0"
      },
      "engines": {
        "node": ">= 12"
      }
    },
    "node_modules/js-tokens": {
      "version": "4.0.0",
      "resolved": "https://registry.npmjs.org/js-tokens/-/js-tokens-4.0.0.tgz",
      "integrity": "sha512-RdJUflcE3cUzKiMqQgsCu06FPu9UdIJO0beYbPhHN4k6apgJtifcoCtT9bcxOpYBtpD2kCM6Sbzg4CausW/PKQ==",
      "license": "MIT"
    },
    "node_modules/loose-envify": {
      "version": "1.4.0",
      "resolved": "https://registry.npmjs.org/loose-envify/-/loose-envify-1.4.0.tgz",
      "integrity": "sha512-lyuxPGr/Wfhrlem2CL/UcnUc1zcqKAImBDzukY7Y5F/yQiNdko6+fRLevlw1HgMySw7f611UIY408EtxRSoK3Q==",
      "license": "MIT",
      "dependencies": {
        "js-tokens": "^3.0.0 || ^4.0.0"
      },
      "bin": {
        "loose-envify": "cli.js"
      }
    },
    "node_modules/nopt": {
      "version": "2.1.2",
      "resolved": "https://registry.npmjs.org/nopt/-/nopt-2.1.2.tgz",
      "integrity": "sha512-x8vXm7BZ2jE1Txrxh/hO74HTuYZQEbo8edoRcANgdZ4+PCV+pbjd/xdummkmjjC7LU5EjPzlu8zEq/oxWylnKA==",
      "license": "MIT",
      "dependencies": {
        "abbrev": "1"
      },
      "bin": {
        "nopt": "bin/nopt.js"
      }
    },
    "node_modules/object-assign": {
      "version": "4.1.1",
      "resolved": "https://registry.npmjs.org/object-assign/-/object-assign-4.1.1.tgz",
      "integrity": "sha512-rJgTQnkUnH1sFw8yT6VSU3zD3sWmu6sZhIseY8VX+GRu3P6F7Fu+JNDoXfklElbLJSnc3FUQHVe4cU5hj+BcUg==",
      "license": "MIT",
      "engines": {
        "node": ">=0.10.0"
      }
    },
    "node_modules/prop-types": {
      "version": "15.8.1",
      "resolved": "https://registry.npmjs.org/prop-types/-/prop-types-15.8.1.tgz",
      "integrity": "sha512-oj87CgZICdulUohogVAR7AjlC0327U4el4L6eAvOqCeudMDVU0NThNaV+b9Df4dXgSP1gXMTnPdhfe/2qDH5cg==",
      "license": "MIT",
      "dependencies": {
        "loose-envify": "^1.4.0",
        "object-assign": "^4.1.1",
        "react-is": "^16.13.1"
      }
    },
    "node_modules/react": {
      "version": "19.2.6",
      "resolved": "https://registry.npmjs.org/react/-/react-19.2.6.tgz",
      "integrity": "sha512-sfWGGfavi0xr8Pg0sVsyHMAOziVYKgPLNrS7ig+ivMNb3wbCBw3KxtflsGBAwD3gYQlE/AEZsTLgToRrSCjb0Q==",
      "license": "MIT",
      "peer": true,
      "engines": {
        "node": ">=0.10.0"
      }
    },
    "node_modules/react-dropzone": {
      "version": "15.0.0",
      "resolved": "https://registry.npmjs.org/react-dropzone/-/react-dropzone-15.0.0.tgz",
      "integrity": "sha512-lGjYV/EoqEjEWPnmiSvH4v5IoIAwQM2W4Z1C0Q/Pw2xD0eVzKPS359BQTUMum+1fa0kH2nrKjuavmTPOGhpLPg==",
      "license": "MIT",
      "dependencies": {
        "attr-accept": "^2.2.4",
        "file-selector": "^2.1.0",
        "prop-types": "^15.8.1"
      },
      "engines": {
        "node": ">= 10.13"
      },
      "peerDependencies": {
        "react": ">= 16.8 || 18.0.0"
      }
    },
    "node_modules/react-is": {
      "version": "16.13.1",
      "resolved": "https://registry.npmjs.org/react-is/-/react-is-16.13.1.tgz",
      "integrity": "sha512-24e6ynE2H+OKt4kqsOvNd8kBpV65zoxbA4BVsEOB3ARVWQki/DHzaUoC5KuON/BiccDaCCTZBuOcfZs70kR8bQ==",
      "license": "MIT"
    },
    "node_modules/tslib": {
      "version": "2.8.1",
      "resolved": "https://registry.npmjs.org/tslib/-/tslib-2.8.1.tgz",
      "integrity": "sha512-oJFu94HQb+KVduSUQL7wnpmqnfmLsOA/nAh6b6EH0wCEoK0/mPeXU6c3wKDV83MkOuHPRHtSXKKU99IBazS/2w==",
      "license": "0BSD"
    },
    "node_modules/underscore": {
      "version": "1.4.4",
      "resolved": "https://registry.npmjs.org/underscore/-/underscore-1.4.4.tgz",
      "integrity": "sha512-ZqGrAgaqqZM7LGRzNjLnw5elevWb5M8LEoDMadxIW3OWbcv72wMMgKdwOKpd5Fqxe8choLD8HN3iSj3TUh/giQ=="
    }
  }
}
